
Microsoft Visual Studio Solution File, Format Version 12.00
# Visual Studio Version 17
VisualStudioVersion = 17.10.35004.147
MinimumVisualStudioVersion = 10.0.40219.1
Project("{FAE04EC0-301F-11D3-BF4B-00C04F79EFBC}") = "Verto Tech Test", "Verto Tech Test\Verto Tech Test.csproj", "{F90294D1-D55E-43E4-811F-DC370B2DACE3}"
EndProject
Global
	GlobalSection(SolutionConfigurationPlatforms) = preSolution
		Debug|Any CPU = Debug|Any CPU
		Release|Any CPU = Release|Any CPU
	EndGlobalSection
	GlobalSection(ProjectConfigurationPlatforms) = postSolution
		{F90294D1-D55E-43E4-811F-DC370B2DACE3}.Debug|Any CPU.ActiveCfg = Debug|Any CPU
		{F90294D1-D55E-43E4-811F-DC370B2DACE3}.Debug|Any CPU.Build.0 = Debug|Any CPU
		{F90294D1-D55E-43E4-811F-DC370B2DACE3}.Release|Any CPU.ActiveCfg = Release|Any CPU
		{F90294D1-D55E-43E4-811F-DC370B2DACE3}.Release|Any CPU.Build.0 = Release|Any CPU
	EndGlobalSection
	GlobalSection(SolutionProperties) = preSolution
		HideSolutionNode = FALSE
	EndGlobalSection
	GlobalSection(ExtensibilityGlobals) = postSolution
		SolutionGuid = {01B6720D-F0AE-4C7D-A711-71E49A8E839C}
	EndGlobalSection
EndGlobal
